
Microsoft Visual Studio Solution File, Format Version 12.00
# Visual Studio Version 17
VisualStudioVersion = 17.7.34031.279
MinimumVisualStudioVersion = 10.0.40219.1
Project("{FAE04EC0-301F-11D3-BF4B-00C04F79EFBC}") = "API", "API\API.csproj", "{228141D1-205E-429B-AD9A-79C5048445CC}"
EndProject
Global
	GlobalSection(SolutionConfigurationPlatforms) = preSolution
		Debug|Any CPU = Debug|Any CPU
		Release|Any CPU = Release|Any CPU
	EndGlobalSection
	GlobalSection(ProjectConfigurationPlatforms) = postSolution
		{228141D1-205E-429B-AD9A-79C5048445CC}.Debug|Any CPU.ActiveCfg = Debug|Any CPU
		{228141D1-205E-429B-AD9A-79C5048445CC}.Debug|Any CPU.Build.0 = Debug|Any CPU
		{228141D1-205E-429B-AD9A-79C5048445CC}.Release|Any CPU.ActiveCfg = Release|Any CPU
		{228141D1-205E-429B-AD9A-79C5048445CC}.Release|Any CPU.Build.0 = Release|Any CPU
	EndGlobalSection
	GlobalSection(SolutionProperties) = preSolution
		HideSolutionNode = FALSE
	EndGlobalSection
	GlobalSection(ExtensibilityGlobals) = postSolution
		SolutionGuid = {AA2045C7-DEA6-4804-9AEB-A208543BD9BE}
	EndGlobalSection
EndGlobal
